
Microsoft Visual Studio Solution File, Format Version 12.00
# Visual Studio Version 17
VisualStudioVersion = 17.13.35919.96 d17.13
MinimumVisualStudioVersion = 10.0.40219.1
Project("{FAE04EC0-301F-11D3-BF4B-00C04F79EFBC}") = "DbDiagram", "DbDiagram.csproj", "{327EC213-F7CA-4B16-8AA0-E335952B9BE7}"
EndProject
Global
	GlobalSection(SolutionConfigurationPlatforms) = preSolution
		Debug|Any CPU = Debug|Any CPU
		Release|Any CPU = Release|Any CPU
	EndGlobalSection
	GlobalSection(ProjectConfigurationPlatforms) = postSolution
		{327EC213-F7CA-4B16-8AA0-E335952B9BE7}.Debug|Any CPU.ActiveCfg = Debug|Any CPU
		{327EC213-F7CA-4B16-8AA0-E335952B9BE7}.Debug|Any CPU.Build.0 = Debug|Any CPU
		{327EC213-F7CA-4B16-8AA0-E335952B9BE7}.Release|Any CPU.ActiveCfg = Release|Any CPU
		{327EC213-F7CA-4B16-8AA0-E335952B9BE7}.Release|Any CPU.Build.0 = Release|Any CPU
	EndGlobalSection
	GlobalSection(SolutionProperties) = preSolution
		HideSolutionNode = FALSE
	EndGlobalSection
	GlobalSection(ExtensibilityGlobals) = postSolution
		SolutionGuid = {0C6719FB-5308-42A4-955E-9905508C8E8F}
	EndGlobalSection
EndGlobal
